// !$*UTF8*$!
{
	archiveVersion = 1;
	classes = {
	};
	objectVersion = 46;
	objects = {

/* Begin PBXBuildFile section */
		048B69301BBCF78A00784E51 /* TSZNewsInfoCell.m in Sources */ = {isa = PBXBuildFile; fileRef = 048B692F1BBCF78A00784E51 /* TSZNewsInfoCell.m */; };
		04F0CC031BBCB436004C8D67 /* main.m in Sources */ = {isa = PBXBuildFile; fileRef = 04F0CC021BBCB436004C8D67 /* main.m */; };
		04F0CC061BBCB436004C8D67 /* AppDelegate.m in Sources */ = {isa = PBXBuildFile; fileRef = 04F0CC051BBCB436004C8D67 /* AppDelegate.m */; };
		04F0CC0E1BBCB436004C8D67 /* Images.xcassets in Resources */ = {isa = PBXBuildFile; fileRef = 04F0CC0D1BBCB436004C8D67 /* Images.xcassets */; };
		04F0CC111BBCB436004C8D67 /* LaunchScreen.xib in Resources */ = {isa = PBXBuildFile; fileRef = 04F0CC0F1BBCB436004C8D67 /* LaunchScreen.xib */; };
		04F0CC1D1BBCB436004C8D67 /* ____Tests.m in Sources */ = {isa = PBXBuildFile; fileRef = 04F0CC1C1BBCB436004C8D67 /* ____Tests.m */; };
		04F0CC3A1BBCB639004C8D67 /* AFHTTPRequestOperation.m in Sources */ = {isa = PBXBuildFile; fileRef = 04F0CC281BBCB639004C8D67 /* AFHTTPRequestOperation.m */; };
		04F0CC3B1BBCB639004C8D67 /* AFHTTPRequestOperationManager.m in Sources */ = {isa = PBXBuildFile; fileRef = 04F0CC2A1BBCB639004C8D67 /* AFHTTPRequestOperationManager.m */; };
		04F0CC3C1BBCB639004C8D67 /* AFHTTPSessionManager.m in Sources */ = {isa = PBXBuildFile; fileRef = 04F0CC2C1BBCB639004C8D67 /* AFHTTPSessionManager.m */; };
		04F0CC3D1BBCB639004C8D67 /* AFNetworkReachabilityManager.m in Sources */ = {isa = PBXBuildFile; fileRef = 04F0CC2F1BBCB639004C8D67 /* AFNetworkReachabilityManager.m */; };
		04F0CC3E1BBCB639004C8D67 /* AFSecurityPolicy.m in Sources */ = {isa = PBXBuildFile; fileRef = 04F0CC311BBCB639004C8D67 /* AFSecurityPolicy.m */; };
		04F0CC3F1BBCB639004C8D67 /* AFURLConnectionOperation.m in Sources */ = {isa = PBXBuildFile; fileRef = 04F0CC331BBCB639004C8D67 /* AFURLConnectionOperation.m */; };
		04F0CC401BBCB639004C8D67 /* AFURLRequestSerialization.m in Sources */ = {isa = PBXBuildFile; fileRef = 04F0CC351BBCB639004C8D67 /* AFURLRequestSerialization.m */; };
		04F0CC411BBCB639004C8D67 /* AFURLResponseSerialization.m in Sources */ = {isa = PBXBuildFile; fileRef = 04F0CC371BBCB639004C8D67 /* AFURLResponseSerialization.m */; };
		04F0CC421BBCB639004C8D67 /* AFURLSessionManager.m in Sources */ = {isa = PBXBuildFile; fileRef = 04F0CC391BBCB639004C8D67 /* AFURLSessionManager.m */; };
		04F0CC551BBCB64B004C8D67 /* AFNetworkActivityIndicatorManager.m in Sources */ = {isa = PBXBuildFile; fileRef = 04F0CC451BBCB64B004C8D67 /* AFNetworkActivityIndicatorManager.m */; };
		04F0CC561BBCB64B004C8D67 /* UIActivityIndicatorView+AFNetworking.m in Sources */ = {isa = PBXBuildFile; fileRef = 04F0CC471BBCB64B004C8D67 /* UIActivityIndicatorView+AFNetworking.m */; };
		04F0CC571BBCB64B004C8D67 /* UIAlertView+AFNetworking.m in Sources */ = {isa = PBXBuildFile; fileRef = 04F0CC491BBCB64B004C8D67 /* UIAlertView+AFNetworking.m */; };
		04F0CC581BBCB64B004C8D67 /* UIButton+AFNetworking.m in Sources */ = {isa = PBXBuildFile; fileRef = 04F0CC4B1BBCB64B004C8D67 /* UIButton+AFNetworking.m */; };
		04F0CC591BBCB64B004C8D67 /* UIImageView+AFNetworking.m in Sources */ = {isa = PBXBuildFile; fileRef = 04F0CC4D1BBCB64B004C8D67 /* UIImageView+AFNetworking.m */; };
		04F0CC5A1BBCB64B004C8D67 /* UIProgressView+AFNetworking.m in Sources */ = {isa = PBXBuildFile; fileRef = 04F0CC501BBCB64B004C8D67 /* UIProgressView+AFNetworking.m */; };
		04F0CC5B1BBCB64B004C8D67 /* UIRefreshControl+AFNetworking.m in Sources */ = {isa = PBXBuildFile; fileRef = 04F0CC521BBCB64B004C8D67 /* UIRefreshControl+AFNetworking.m */; };
		04F0CC5C1BBCB64B004C8D67 /* UIWebView+AFNetworking.m in Sources */ = {isa = PBXBuildFile; fileRef = 04F0CC541BBCB64B004C8D67 /* UIWebView+AFNetworking.m */; };
		04F0CC631BBCC104004C8D67 /* Main.storyboard in Resources */ = {isa = PBXBuildFile; fileRef = 04F0CC621BBCC104004C8D67 /* Main.storyboard */; };
		04F0CC661BBCC145004C8D67 /* TSZNewsTableViewControll.m in Sources */ = {isa = PBXBuildFile; fileRef = 04F0CC651BBCC145004C8D67 /* TSZNewsTableViewControll.m */; };
		04F0CC691BBCC34F004C8D67 /* TSZNetWorkingTools.m in Sources */ = {isa = PBXBuildFile; fileRef = 04F0CC681BBCC34F004C8D67 /* TSZNetWorkingTools.m */; };
		04F0CC6D1BBCC975004C8D67 /* TSZModels.m in Sources */ = {isa = PBXBuildFile; fileRef = 04F0CC6C1BBCC975004C8D67 /* TSZModels.m */; };
		04F0CC711BBCD253004C8D67 /* NSArray+Log.m in Sources */ = {isa = PBXBuildFile; fileRef = 04F0CC701BBCD253004C8D67 /* NSArray+Log.m */; };
/* End PBXBuildFile section */

/* Begin PBXContainerItemProxy section */
		04F0CC171BBCB436004C8D67 /* PBXContainerItemProxy */ = {
			isa = PBXContainerItemProxy;
			containerPortal = 04F0CBF51BBCB436004C8D67 /* Project object */;
			proxyType = 1;
			remoteGlobalIDString = 04F0CBFC1BBCB436004C8D67;
			remoteInfo = "新闻天下";
		};
/* End PBXContainerItemProxy section */

/* Begin PBXFileReference section */
		048B692E1BBCF78A00784E51 /* TSZNewsInfoCell.h */ = {isa = PBXFileReference; fileEncoding = 4; lastKnownFileType = sourcecode.c.h; path = TSZNewsInfoCell.h; sourceTree = "<group>"; };
		048B692F1BBCF78A00784E51 /* TSZNewsInfoCell.m */ = {isa = PBXFileReference; fileEncoding = 4; lastKnownFileType = sourcecode.c.objc; path = TSZNewsInfoCell.m; sourceTree = "<group>"; };
		04F0CBFD1BBCB436004C8D67 /* 新闻天下.app */ = {isa = PBXFileReference; explicitFileType = wrapper.application; includeInIndex = 0; path = "新闻天下.app"; sourceTree = BUILT_PRODUCTS_DIR; };
		04F0CC011BBCB436004C8D67 /* Info.plist */ = {isa = PBXFileReference; lastKnownFileType = text.plist.xml; path = Info.plist; sourceTree = "<group>"; };
		04F0CC021BBCB436004C8D67 /* main.m */ = {isa = PBXFileReference; lastKnownFileType = sourcecode.c.objc; path = main.m; sourceTree = "<group>"; };
		04F0CC041BBCB436004C8D67 /* AppDelegate.h */ = {isa = PBXFileReference; lastKnownFileType = sourcecode.c.h; path = AppDelegate.h; sourceTree = "<group>"; };
		04F0CC051BBCB436004C8D67 /* AppDelegate.m */ = {isa = PBXFileReference; lastKnownFileType = sourcecode.c.objc; path = AppDelegate.m; sourceTree = "<group>"; };
		04F0CC0D1BBCB436004C8D67 /* Images.xcassets */ = {isa = PBXFileReference; lastKnownFileType = folder.assetcatalog; path = Images.xcassets; sourceTree = "<group>"; };
		04F0CC101BBCB436004C8D67 /* Base */ = {isa = PBXFileReference; lastKnownFileType = file.xib; name = Base; path = Base.lproj/LaunchScreen.xib; sourceTree = "<group>"; };
		04F0CC161BBCB436004C8D67 /* 新闻天下Tests.xctest */ = {isa = PBXFileReference; explicitFileType = wrapper.cfbundle; includeInIndex = 0; path = "新闻天下Tests.xctest"; sourceTree = BUILT_PRODUCTS_DIR; };
		04F0CC1B1BBCB436004C8D67 /* Info.plist */ = {isa = PBXFileReference; lastKnownFileType = text.plist.xml; path = Info.plist; sourceTree = "<group>"; };
		04F0CC1C1BBCB436004C8D67 /* ____Tests.m */ = {isa = PBXFileReference; lastKnownFileType = sourcecode.c.objc; path = "____Tests.m"; sourceTree = "<group>"; };
		04F0CC271BBCB639004C8D67 /* AFHTTPRequestOperation.h */ = {isa = PBXFileReference; fileEncoding = 4; lastKnownFileType = sourcecode.c.h; path = AFHTTPRequestOperation.h; sourceTree = "<group>"; };
		04F0CC281BBCB639004C8D67 /* AFHTTPRequestOperation.m */ = {isa = PBXFileReference; fileEncoding = 4; lastKnownFileType = sourcecode.c.objc; path = AFHTTPRequestOperation.m; sourceTree = "<group>"; };
		04F0CC291BBCB639004C8D67 /* AFHTTPRequestOperationManager.h */ = {isa = PBXFileReference; fileEncoding = 4; lastKnownFileType = sourcecode.c.h; path = AFHTTPRequestOperationManager.h; sourceTree = "<group>"; };
		04F0CC2A1BBCB639004C8D67 /* AFHTTPRequestOperationManager.m */ = {isa = PBXFileReference; fileEncoding = 4; lastKnownFileType = sourcecode.c.objc; path = AFHTTPRequestOperationManager.m; sourceTree = "<group>"; };
		04F0CC2B1BBCB639004C8D67 /* AFHTTPSessionManager.h */ = {isa = PBXFileReference; fileEncoding = 4; lastKnownFileType = sourcecode.c.h; path = AFHTTPSessionManager.h; sourceTree = "<group>"; };
		04F0CC2C1BBCB639004C8D67 /* AFHTTPSessionManager.m */ = {isa = PBXFileReference; fileEncoding = 4; lastKnownFileType = sourcecode.c.objc; path = AFHTTPSessionManager.m; sourceTree = "<group>"; };
		04F0CC2D1BBCB639004C8D67 /* AFNetworking.h */ = {isa = PBXFileReference; fileEncoding = 4; lastKnownFileType = sourcecode.c.h; path = AFNetworking.h; sourceTree = "<group>"; };
		04F0CC2E1BBCB639004C8D67 /* AFNetworkReachabilityManager.h */ = {isa = PBXFileReference; fileEncoding = 4; lastKnownFileType = sourcecode.c.h; path = AFNetworkReachabilityManager.h; sourceTree = "<group>"; };
		04F0CC2F1BBCB639004C8D67 /* AFNetworkReachabilityManager.m */ = {isa = PBXFileReference; fileEncoding = 4; lastKnownFileType = sourcecode.c.objc; path = AFNetworkReachabilityManager.m; sourceTree = "<group>"; };
		04F0CC301BBCB639004C8D67 /* AFSecurityPolicy.h */ = {isa = PBXFileReference; fileEncoding = 4; lastKnownFileType = sourcecode.c.h; path = AFSecurityPolicy.h; sourceTree = "<group>"; };
		04F0CC311BBCB639004C8D67 /* AFSecurityPolicy.m */ = {isa = PBXFileReference; fileEncoding = 4; lastKnownFileType = sourcecode.c.objc; path = AFSecurityPolicy.m; sourceTree = "<group>"; };
		04F0CC321BBCB639004C8D67 /* AFURLConnectionOperation.h */ = {isa = PBXFileReference; fileEncoding = 4; lastKnownFileType = sourcecode.c.h; path = AFURLConnectionOperation.h; sourceTree = "<group>"; };
		04F0CC331BBCB639004C8D67 /* AFURLConnectionOperation.m */ = {isa = PBXFileReference; fileEncoding = 4; lastKnownFileType = sourcecode.c.objc; path = AFURLConnectionOperation.m; sourceTree = "<group>"; };
		04F0CC341BBCB639004C8D67 /* AFURLRequestSerialization.h */ = {isa = PBXFileReference; fileEncoding = 4; lastKnownFileType = sourcecode.c.h; path = AFURLRequestSerialization.h; sourceTree = "<group>"; };
		04F0CC351BBCB639004C8D67 /* AFURLRequestSerialization.m */ = {isa = PBXFileReference; fileEncoding = 4; lastKnownFileType = sourcecode.c.objc; path = AFURLRequestSerialization.m; sourceTree = "<group>"; };
		04F0CC361BBCB639004C8D67 /* AFURLResponseSerialization.h */ = {isa = PBXFileReference; fileEncoding = 4; lastKnownFileType = sourcecode.c.h; path = AFURLResponseSerialization.h; sourceTree = "<group>"; };
		04F0CC371BBCB639004C8D67 /* AFURLResponseSerialization.m */ = {isa = PBXFileReference; fileEncoding = 4; lastKnownFileType = sourcecode.c.objc; path = AFURLResponseSerialization.m; sourceTree = "<group>"; };
		04F0CC381BBCB639004C8D67 /* AFURLSessionManager.h */ = {isa = PBXFileReference; fileEncoding = 4; lastKnownFileType = sourcecode.c.h; path = AFURLSessionManager.h; sourceTree = "<group>"; };
		04F0CC391BBCB639004C8D67 /* AFURLSessionManager.m */ = {isa = PBXFileReference; fileEncoding = 4; lastKnownFileType = sourcecode.c.objc; path = AFURLSessionManager.m; sourceTree = "<group>"; };
		04F0CC441BBCB64B004C8D67 /* AFNetworkActivityIndicatorManager.h */ = {isa = PBXFileReference; fileEncoding = 4; lastKnownFileType = sourcecode.c.h; path = AFNetworkActivityIndicatorManager.h; sourceTree = "<group>"; };
		04F0CC451BBCB64B004C8D67 /* AFNetworkActivityIndicatorManager.m */ = {isa = PBXFileReference; fileEncoding = 4; lastKnownFileType = sourcecode.c.objc; path = AFNetworkActivityIndicatorManager.m; sourceTree = "<group>"; };
		04F0CC461BBCB64B004C8D67 /* UIActivityIndicatorView+AFNetworking.h */ = {isa = PBXFileReference; fileEncoding = 4; lastKnownFileType = sourcecode.c.h; path = "UIActivityIndicatorView+AFNetworking.h"; sourceTree = "<group>"; };
		04F0CC471BBCB64B004C8D67 /* UIActivityIndicatorView+AFNetworking.m */ = {isa = PBXFileReference; fileEncoding = 4; lastKnownFileType = sourcecode.c.objc; path = "UIActivityIndicatorView+AFNetworking.m"; sourceTree = "<group>"; };
		04F0CC481BBCB64B004C8D67 /* UIAlertView+AFNetworking.h */ = {isa = PBXFileReference; fileEncoding = 4; lastKnownFileType = sourcecode.c.h; path = "UIAlertView+AFNetworking.h"; sourceTree = "<group>"; };
		04F0CC491BBCB64B004C8D67 /* UIAlertView+AFNetworking.m */ = {isa = PBXFileReference; fileEncoding = 4; lastKnownFileType = sourcecode.c.objc; path = "UIAlertView+AFNetworking.m"; sourceTree = "<group>"; };
		04F0CC4A1BBCB64B004C8D67 /* UIButton+AFNetworking.h */ = {isa = PBXFileReference; fileEncoding = 4; lastKnownFileType = sourcecode.c.h; path = "UIButton+AFNetworking.h"; sourceTree = "<group>"; };
		04F0CC4B1BBCB64B004C8D67 /* UIButton+AFNetworking.m */ = {isa = PBXFileReference; fileEncoding = 4; lastKnownFileType = sourcecode.c.objc; path = "UIButton+AFNetworking.m"; sourceTree = "<group>"; };
		04F0CC4C1BBCB64B004C8D67 /* UIImageView+AFNetworking.h */ = {isa = PBXFileReference; fileEncoding = 4; lastKnownFileType = sourcecode.c.h; path = "UIImageView+AFNetworking.h"; sourceTree = "<group>"; };
		04F0CC4D1BBCB64B004C8D67 /* UIImageView+AFNetworking.m */ = {isa = PBXFileReference; fileEncoding = 4; lastKnownFileType = sourcecode.c.objc; path = "UIImageView+AFNetworking.m"; sourceTree = "<group>"; };
		04F0CC4E1BBCB64B004C8D67 /* UIKit+AFNetworking.h */ = {isa = PBXFileReference; fileEncoding = 4; lastKnownFileType = sourcecode.c.h; path = "UIKit+AFNetworking.h"; sourceTree = "<group>"; };
		04F0CC4F1BBCB64B004C8D67 /* UIProgressView+AFNetworking.h */ = {isa = PBXFileReference; fileEncoding = 4; lastKnownFileType = sourcecode.c.h; path = "UIProgressView+AFNetworking.h"; sourceTree = "<group>"; };
		04F0CC501BBCB64B004C8D67 /* UIProgressView+AFNetworking.m */ = {isa = PBXFileReference; fileEncoding = 4; lastKnownFileType = sourcecode.c.objc; path = "UIProgressView+AFNetworking.m"; sourceTree = "<group>"; };
		04F0CC511BBCB64B004C8D67 /* UIRefreshControl+AFNetworking.h */ = {isa = PBXFileReference; fileEncoding = 4; lastKnownFileType = sourcecode.c.h; path = "UIRefreshControl+AFNetworking.h"; sourceTree = "<group>"; };
		04F0CC521BBCB64B004C8D67 /* UIRefreshControl+AFNetworking.m */ = {isa = PBXFileReference; fileEncoding = 4; lastKnownFileType = sourcecode.c.objc; path = "UIRefreshControl+AFNetworking.m"; sourceTree = "<group>"; };
		04F0CC531BBCB64B004C8D67 /* UIWebView+AFNetworking.h */ = {isa = PBXFileReference; fileEncoding = 4; lastKnownFileType = sourcecode.c.h; path = "UIWebView+AFNetworking.h"; sourceTree = "<group>"; };
		04F0CC541BBCB64B004C8D67 /* UIWebView+AFNetworking.m */ = {isa = PBXFileReference; fileEncoding = 4; lastKnownFileType = sourcecode.c.objc; path = "UIWebView+AFNetworking.m"; sourceTree = "<group>"; };
		04F0CC621BBCC104004C8D67 /* Main.storyboard */ = {isa = PBXFileReference; fileEncoding = 4; lastKnownFileType = file.storyboard; path = Main.storyboard; sourceTree = "<group>"; };
		04F0CC641BBCC145004C8D67 /* TSZNewsTableViewControll.h */ = {isa = PBXFileReference; fileEncoding = 4; lastKnownFileType = sourcecode.c.h; path = TSZNewsTableViewControll.h; sourceTree = "<group>"; };
		04F0CC651BBCC145004C8D67 /* TSZNewsTableViewControll.m */ = {isa = PBXFileReference; fileEncoding = 4; lastKnownFileType = sourcecode.c.objc; path = TSZNewsTableViewControll.m; sourceTree = "<group>"; };
		04F0CC671BBCC34F004C8D67 /* TSZNetWorkingTools.h */ = {isa = PBXFileReference; fileEncoding = 4; lastKnownFileType = sourcecode.c.h; path = TSZNetWorkingTools.h; sourceTree = "<group>"; };
		04F0CC681BBCC34F004C8D67 /* TSZNetWorkingTools.m */ = {isa = PBXFileReference; fileEncoding = 4; lastKnownFileType = sourcecode.c.objc; path = TSZNetWorkingTools.m; sourceTree = "<group>"; };
		04F0CC6B1BBCC975004C8D67 /* TSZModels.h */ = {isa = PBXFileReference; fileEncoding = 4; lastKnownFileType = sourcecode.c.h; name = TSZModels.h; path = "新闻天下/Classes/TSZModels.h"; sourceTree = SOURCE_ROOT; };
		04F0CC6C1BBCC975004C8D67 /* TSZModels.m */ = {isa = PBXFileReference; fileEncoding = 4; lastKnownFileType = sourcecode.c.objc; name = TSZModels.m; path = "新闻天下/Classes/TSZModels.m"; sourceTree = SOURCE_ROOT; };
		04F0CC6F1BBCD253004C8D67 /* NSArray+Log.h */ = {isa = PBXFileReference; fileEncoding = 4; lastKnownFileType = sourcecode.c.h; path = "NSArray+Log.h"; sourceTree = "<group>"; };
		04F0CC701BBCD253004C8D67 /* NSArray+Log.m */ = {isa = PBXFileReference; fileEncoding = 4; lastKnownFileType = sourcecode.c.objc; path = "NSArray+Log.m"; sourceTree = "<group>"; };
/* End PBXFileReference section */

/* Begin PBXFrameworksBuildPhase section */
		04F0CBFA1BBCB436004C8D67 /* Frameworks */ = {
			isa = PBXFrameworksBuildPhase;
			buildActionMask = 2147483647;
			files = (
			);
			runOnlyForDeploymentPostprocessing = 0;
		};
		04F0CC131BBCB436004C8D67 /* Frameworks */ = {
			isa = PBXFrameworksBuildPhase;
			buildActionMask = 2147483647;
			files = (
			);
			runOnlyForDeploymentPostprocessing = 0;
		};
/* End PBXFrameworksBuildPhase section */

/* Begin PBXGroup section */
		04F0CBF41BBCB436004C8D67 = {
			isa = PBXGroup;
			children = (
				04F0CBFF1BBCB436004C8D67 /* 新闻天下 */,
				04F0CC191BBCB436004C8D67 /* 新闻天下Tests */,
				04F0CBFE1BBCB436004C8D67 /* Products */,
			);
			sourceTree = "<group>";
		};
		04F0CBFE1BBCB436004C8D67 /* Products */ = {
			isa = PBXGroup;
			children = (
				04F0CBFD1BBCB436004C8D67 /* 新闻天下.app */,
				04F0CC161BBCB436004C8D67 /* 新闻天下Tests.xctest */,
			);
			name = Products;
			sourceTree = "<group>";
		};
		04F0CBFF1BBCB436004C8D67 /* 新闻天下 */ = {
			isa = PBXGroup;
			children = (
				04F0CC6E1BBCD253004C8D67 /* Log二进制转string */,
				04F0CC5D1BBCC097004C8D67 /* Classes */,
				04F0CC431BBCB64B004C8D67 /* UIKit+AFNetworking */,
				04F0CC261BBCB638004C8D67 /* AFNetworking */,
				04F0CC041BBCB436004C8D67 /* AppDelegate.h */,
				04F0CC051BBCB436004C8D67 /* AppDelegate.m */,
				04F0CC0D1BBCB436004C8D67 /* Images.xcassets */,
				04F0CC0F1BBCB436004C8D67 /* LaunchScreen.xib */,
				04F0CC001BBCB436004C8D67 /* Supporting Files */,
			);
			path = "新闻天下";
			sourceTree = "<group>";
		};
		04F0CC001BBCB436004C8D67 /* Supporting Files */ = {
			isa = PBXGroup;
			children = (
				04F0CC011BBCB436004C8D67 /* Info.plist */,
				04F0CC021BBCB436004C8D67 /* main.m */,
			);
			name = "Supporting Files";
			sourceTree = "<group>";
		};
		04F0CC191BBCB436004C8D67 /* 新闻天下Tests */ = {
			isa = PBXGroup;
			children = (
				04F0CC1C1BBCB436004C8D67 /* ____Tests.m */,
				04F0CC1A1BBCB436004C8D67 /* Supporting Files */,
			);
			path = "新闻天下Tests";
			sourceTree = "<group>";
		};
		04F0CC1A1BBCB436004C8D67 /* Supporting Files */ = {
			isa = PBXGroup;
			children = (
				04F0CC1B1BBCB436004C8D67 /* Info.plist */,
			);
			name = "Supporting Files";
			sourceTree = "<group>";
		};
		04F0CC261BBCB638004C8D67 /* AFNetworking */ = {
			isa = PBXGroup;
			children = (
				04F0CC271BBCB639004C8D67 /* AFHTTPRequestOperation.h */,
				04F0CC281BBCB639004C8D67 /* AFHTTPRequestOperation.m */,
				04F0CC291BBCB639004C8D67 /* AFHTTPRequestOperationManager.h */,
				04F0CC2A1BBCB639004C8D67 /* AFHTTPRequestOperationManager.m */,
				04F0CC2B1BBCB639004C8D67 /* AFHTTPSessionManager.h */,
				04F0CC2C1BBCB639004C8D67 /* AFHTTPSessionManager.m */,
				04F0CC2D1BBCB639004C8D67 /* AFNetworking.h */,
				04F0CC2E1BBCB639004C8D67 /* AFNetworkReachabilityManager.h */,
				04F0CC2F1BBCB639004C8D67 /* AFNetworkReachabilityManager.m */,
				04F0CC301BBCB639004C8D67 /* AFSecurityPolicy.h */,
				04F0CC311BBCB639004C8D67 /* AFSecurityPolicy.m */,
				04F0CC321BBCB639004C8D67 /* AFURLConnectionOperation.h */,
				04F0CC331BBCB639004C8D67 /* AFURLConnectionOperation.m */,
				04F0CC341BBCB639004C8D67 /* AFURLRequestSerialization.h */,
				04F0CC351BBCB639004C8D67 /* AFURLRequestSerialization.m */,
				04F0CC361BBCB639004C8D67 /* AFURLResponseSerialization.h */,
				04F0CC371BBCB639004C8D67 /* AFURLResponseSerialization.m */,
				04F0CC381BBCB639004C8D67 /* AFURLSessionManager.h */,
				04F0CC391BBCB639004C8D67 /* AFURLSessionManager.m */,
			);
			path = AFNetworking;
			sourceTree = "<group>";
		};
		04F0CC431BBCB64B004C8D67 /* UIKit+AFNetworking */ = {
			isa = PBXGroup;
			children = (
				04F0CC441BBCB64B004C8D67 /* AFNetworkActivityIndicatorManager.h */,
				04F0CC451BBCB64B004C8D67 /* AFNetworkActivityIndicatorManager.m */,
				04F0CC461BBCB64B004C8D67 /* UIActivityIndicatorView+AFNetworking.h */,
				04F0CC471BBCB64B004C8D67 /* UIActivityIndicatorView+AFNetworking.m */,
				04F0CC481BBCB64B004C8D67 /* UIAlertView+AFNetworking.h */,
				04F0CC491BBCB64B004C8D67 /* UIAlertView+AFNetworking.m */,
				04F0CC4A1BBCB64B004C8D67 /* UIButton+AFNetworking.h */,
				04F0CC4B1BBCB64B004C8D67 /* UIButton+AFNetworking.m */,
				04F0CC4C1BBCB64B004C8D67 /* UIImageView+AFNetworking.h */,
				04F0CC4D1BBCB64B004C8D67 /* UIImageView+AFNetworking.m */,
				04F0CC4E1BBCB64B004C8D67 /* UIKit+AFNetworking.h */,
				04F0CC4F1BBCB64B004C8D67 /* UIProgressView+AFNetworking.h */,
				04F0CC501BBCB64B004C8D67 /* UIProgressView+AFNetworking.m */,
				04F0CC511BBCB64B004C8D67 /* UIRefreshControl+AFNetworking.h */,
				04F0CC521BBCB64B004C8D67 /* UIRefreshControl+AFNetworking.m */,
				04F0CC531BBCB64B004C8D67 /* UIWebView+AFNetworking.h */,
				04F0CC541BBCB64B004C8D67 /* UIWebView+AFNetworking.m */,
			);
			path = "UIKit+AFNetworking";
			sourceTree = "<group>";
		};
		04F0CC5D1BBCC097004C8D67 /* Classes */ = {
			isa = PBXGroup;
			children = (
				04F0CC5E1BBCC097004C8D67 /* Controller */,
				04F0CC5F1BBCC097004C8D67 /* Model */,
				04F0CC601BBCC097004C8D67 /* Tools */,
				04F0CC611BBCC097004C8D67 /* View */,
			);
			path = Classes;
			sourceTree = "<group>";
		};
		04F0CC5E1BBCC097004C8D67 /* Controller */ = {
			isa = PBXGroup;
			children = (
				04F0CC641BBCC145004C8D67 /* TSZNewsTableViewControll.h */,
				04F0CC651BBCC145004C8D67 /* TSZNewsTableViewControll.m */,
			);
			path = Controller;
			sourceTree = "<group>";
		};
		04F0CC5F1BBCC097004C8D67 /* Model */ = {
			isa = PBXGroup;
			children = (
				04F0CC6B1BBCC975004C8D67 /* TSZModels.h */,
				04F0CC6C1BBCC975004C8D67 /* TSZModels.m */,
			);
			path = Model;
			sourceTree = "<group>";
		};
		04F0CC601BBCC097004C8D67 /* Tools */ = {
			isa = PBXGroup;
			children = (
				04F0CC671BBCC34F004C8D67 /* TSZNetWorkingTools.h */,
				04F0CC681BBCC34F004C8D67 /* TSZNetWorkingTools.m */,
			);
			path = Tools;
			sourceTree = "<group>";
		};
		04F0CC611BBCC097004C8D67 /* View */ = {
			isa = PBXGroup;
			children = (
				04F0CC621BBCC104004C8D67 /* Main.storyboard */,
				048B692E1BBCF78A00784E51 /* TSZNewsInfoCell.h */,
				048B692F1BBCF78A00784E51 /* TSZNewsInfoCell.m */,
			);
			path = View;
			sourceTree = "<group>";
		};
		04F0CC6E1BBCD253004C8D67 /* Log二进制转string */ = {
			isa = PBXGroup;
			children = (
				04F0CC6F1BBCD253004C8D67 /* NSArray+Log.h */,
				04F0CC701BBCD253004C8D67 /* NSArray+Log.m */,
			);
			path = "Log二进制转string";
			sourceTree = "<group>";
		};
/* End PBXGroup section */

/* Begin PBXNativeTarget section */
		04F0CBFC1BBCB436004C8D67 /* 新闻天下 */ = {
			isa = PBXNativeTarget;
			buildConfigurationList = 04F0CC201BBCB436004C8D67 /* Build configuration list for PBXNativeTarget "新闻天下" */;
			buildPhases = (
				04F0CBF91BBCB436004C8D67 /* Sources */,
				04F0CBFA1BBCB436004C8D67 /* Frameworks */,
				04F0CBFB1BBCB436004C8D67 /* Resources */,
			);
			buildRules = (
			);
			dependencies = (
			);
			name = "新闻天下";
			productName = "新闻天下";
			productReference = 04F0CBFD1BBCB436004C8D67 /* 新闻天下.app */;
			productType = "com.apple.product-type.application";
		};
		04F0CC151BBCB436004C8D67 /* 新闻天下Tests */ = {
			isa = PBXNativeTarget;
			buildConfigurationList = 04F0CC231BBCB436004C8D67 /* Build configuration list for PBXNativeTarget "新闻天下Tests" */;
			buildPhases = (
				04F0CC121BBCB436004C8D67 /* Sources */,
				04F0CC131BBCB436004C8D67 /* Frameworks */,
				04F0CC141BBCB436004C8D67 /* Resources */,
			);
			buildRules = (
			);
			dependencies = (
				04F0CC181BBCB436004C8D67 /* PBXTargetDependency */,
			);
			name = "新闻天下Tests";
			productName = "新闻天下Tests";
			productReference = 04F0CC161BBCB436004C8D67 /* 新闻天下Tests.xctest */;
			productType = "com.apple.product-type.bundle.unit-test";
		};
/* End PBXNativeTarget section */

/* Begin PBXProject section */
		04F0CBF51BBCB436004C8D67 /* Project object */ = {
			isa = PBXProject;
			attributes = {
				CLASSPREFIX = TSZ;
				LastUpgradeCheck = 0620;
				ORGANIZATIONNAME = tsz;
				TargetAttributes = {
					04F0CBFC1BBCB436004C8D67 = {
						CreatedOnToolsVersion = 6.2;
					};
					04F0CC151BBCB436004C8D67 = {
						CreatedOnToolsVersion = 6.2;
						TestTargetID = 04F0CBFC1BBCB436004C8D67;
					};
				};
			};
			buildConfigurationList = 04F0CBF81BBCB436004C8D67 /* Build configuration list for PBXProject "新闻天下" */;
			compatibilityVersion = "Xcode 3.2";
			developmentRegion = English;
			hasScannedForEncodings = 0;
			knownRegions = (
				en,
				Base,
			);
			mainGroup = 04F0CBF41BBCB436004C8D67;
			productRefGroup = 04F0CBFE1BBCB436004C8D67 /* Products */;
			projectDirPath = "";
			projectRoot = "";
			targets = (
				04F0CBFC1BBCB436004C8D67 /* 新闻天下 */,
				04F0CC151BBCB436004C8D67 /* 新闻天下Tests */,
			);
		};
/* End PBXProject section */

/* Begin PBXResourcesBuildPhase section */
		04F0CBFB1BBCB436004C8D67 /* Resources */ = {
			isa = PBXResourcesBuildPhase;
			buildActionMask = 2147483647;
			files = (
				04F0CC631BBCC104004C8D67 /* Main.storyboard in Resources */,
				04F0CC111BBCB436004C8D67 /* LaunchScreen.xib in Resources */,
				04F0CC0E1BBCB436004C8D67 /* Images.xcassets in Resources */,
			);
			runOnlyForDeploymentPostprocessing = 0;
		};
		04F0CC141BBCB436004C8D67 /* Resources */ = {
			isa = PBXResourcesBuildPhase;
			buildActionMask = 2147483647;
			files = (
			);
			runOnlyForDeploymentPostprocessing = 0;
		};
/* End PBXResourcesBuildPhase section */

/* Begin PBXSourcesBuildPhase section */
		04F0CBF91BBCB436004C8D67 /* Sources */ = {
			isa = PBXSourcesBuildPhase;
			buildActionMask = 2147483647;
			files = (
				04F0CC3A1BBCB639004C8D67 /* AFHTTPRequestOperation.m in Sources */,
				04F0CC6D1BBCC975004C8D67 /* TSZModels.m in Sources */,
				04F0CC591BBCB64B004C8D67 /* UIImageView+AFNetworking.m in Sources */,
				04F0CC3B1BBCB639004C8D67 /* AFHTTPRequestOperationManager.m in Sources */,
				04F0CC5A1BBCB64B004C8D67 /* UIProgressView+AFNetworking.m in Sources */,
				04F0CC3D1BBCB639004C8D67 /* AFNetworkReachabilityManager.m in Sources */,
				04F0CC711BBCD253004C8D67 /* NSArray+Log.m in Sources */,
				04F0CC411BBCB639004C8D67 /* AFURLResponseSerialization.m in Sources */,
				04F0CC3F1BBCB639004C8D67 /* AFURLConnectionOperation.m in Sources */,
				04F0CC581BBCB64B004C8D67 /* UIButton+AFNetworking.m in Sources */,
				04F0CC561BBCB64B004C8D67 /* UIActivityIndicatorView+AFNetworking.m in Sources */,
				04F0CC3E1BBCB639004C8D67 /* AFSecurityPolicy.m in Sources */,
				04F0CC5B1BBCB64B004C8D67 /* UIRefreshControl+AFNetworking.m in Sources */,
				04F0CC5C1BBCB64B004C8D67 /* UIWebView+AFNetworking.m in Sources */,
				04F0CC3C1BBCB639004C8D67 /* AFHTTPSessionManager.m in Sources */,
				04F0CC571BBCB64B004C8D67 /* UIAlertView+AFNetworking.m in Sources */,
				04F0CC401BBCB639004C8D67 /* AFURLRequestSerialization.m in Sources */,
				04F0CC661BBCC145004C8D67 /* TSZNewsTableViewControll.m in Sources */,
				04F0CC551BBCB64B004C8D67 /* AFNetworkActivityIndicatorManager.m in Sources */,
				04F0CC421BBCB639004C8D67 /* AFURLSessionManager.m in Sources */,
				04F0CC061BBCB436004C8D67 /* AppDelegate.m in Sources */,
				04F0CC691BBCC34F004C8D67 /* TSZNetWorkingTools.m in Sources */,
				048B69301BBCF78A00784E51 /* TSZNewsInfoCell.m in Sources */,
				04F0CC031BBCB436004C8D67 /* main.m in Sources */,
			);
			runOnlyForDeploymentPostprocessing = 0;
		};
		04F0CC121BBCB436004C8D67 /* Sources */ = {
			isa = PBXSourcesBuildPhase;
			buildActionMask = 2147483647;
			files = (
				04F0CC1D1BBCB436004C8D67 /* ____Tests.m in Sources */,
			);
			runOnlyForDeploymentPostprocessing = 0;
		};
/* End PBXSourcesBuildPhase section */

/* Begin PBXTargetDependency section */
		04F0CC181BBCB436004C8D67 /* PBXTargetDependency */ = {
			isa = PBXTargetDependency;
			target = 04F0CBFC1BBCB436004C8D67 /* 新闻天下 */;
			targetProxy = 04F0CC171BBCB436004C8D67 /* PBXContainerItemProxy */;
		};
/* End PBXTargetDependency section */

/* Begin PBXVariantGroup section */
		04F0CC0F1BBCB436004C8D67 /* LaunchScreen.xib */ = {
			isa = PBXVariantGroup;
			children = (
				04F0CC101BBCB436004C8D67 /* Base */,
			);
			name = LaunchScreen.xib;
			sourceTree = "<group>";
		};
/* End PBXVariantGroup section */

/* Begin XCBuildConfiguration section */
		04F0CC1E1BBCB436004C8D67 /* Debug */ = {
			isa = XCBuildConfiguration;
			buildSettings = {
				ALWAYS_SEARCH_USER_PATHS = NO;
				CLANG_CXX_LANGUAGE_STANDARD = "gnu++0x";
				CLANG_CXX_LIBRARY = "libc++";
				CLANG_ENABLE_MODULES = YES;
				CLANG_ENABLE_OBJC_ARC = YES;
				CLANG_WARN_BOOL_CONVERSION = YES;
				CLANG_WARN_CONSTANT_CONVERSION = YES;
				CLANG_WARN_DIRECT_OBJC_ISA_USAGE = YES_ERROR;
				CLANG_WARN_EMPTY_BODY = YES;
				CLANG_WARN_ENUM_CONVERSION = YES;
				CLANG_WARN_INT_CONVERSION = YES;
				CLANG_WARN_OBJC_ROOT_CLASS = YES_ERROR;
				CLANG_WARN_UNREACHABLE_CODE = YES;
				CLANG_WARN__DUPLICATE_METHOD_MATCH = YES;
				"CODE_SIGN_IDENTITY[sdk=iphoneos*]" = "iPhone Developer";
				COPY_PHASE_STRIP = NO;
				ENABLE_STRICT_OBJC_MSGSEND = YES;
				GCC_C_LANGUAGE_STANDARD = gnu99;
				GCC_DYNAMIC_NO_PIC = NO;
				GCC_OPTIMIZATION_LEVEL = 0;
				GCC_PREPROCESSOR_DEFINITIONS = (
					"DEBUG=1",
					"$(inherited)",
				);
				GCC_SYMBOLS_PRIVATE_EXTERN = NO;
				GCC_WARN_64_TO_32_BIT_CONVERSION = YES;
				GCC_WARN_ABOUT_RETURN_TYPE = YES_ERROR;
				GCC_WARN_UNDECLARED_SELECTOR = YES;
				GCC_WARN_UNINITIALIZED_AUTOS = YES_AGGRESSIVE;
				GCC_WARN_UNUSED_FUNCTION = YES;
				GCC_WARN_UNUSED_VARIABLE = YES;
				IPHONEOS_DEPLOYMENT_TARGET = 8.2;
				MTL_ENABLE_DEBUG_INFO = YES;
				ONLY_ACTIVE_ARCH = YES;
				SDKROOT = iphoneos;
			};
			name = Debug;
		};
		04F0CC1F1BBCB436004C8D67 /* Release */ = {
			isa = XCBuildConfiguration;
			buildSettings = {
				ALWAYS_SEARCH_USER_PATHS = NO;
				CLANG_CXX_LANGUAGE_STANDARD = "gnu++0x";
				CLANG_CXX_LIBRARY = "libc++";
				CLANG_ENABLE_MODULES = YES;
				CLANG_ENABLE_OBJC_ARC = YES;
				CLANG_WARN_BOOL_CONVERSION = YES;
				CLANG_WARN_CONSTANT_CONVERSION = YES;
				CLANG_WARN_DIRECT_OBJC_ISA_USAGE = YES_ERROR;
				CLANG_WARN_EMPTY_BODY = YES;
				CLANG_WARN_ENUM_CONVERSION = YES;
				CLANG_WARN_INT_CONVERSION = YES;
				CLANG_WARN_OBJC_ROOT_CLASS = YES_ERROR;
				CLANG_WARN_UNREACHABLE_CODE = YES;
				CLANG_WARN__DUPLICATE_METHOD_MATCH = YES;
				"CODE_SIGN_IDENTITY[sdk=iphoneos*]" = "iPhone Developer";
				COPY_PHASE_STRIP = NO;
				ENABLE_NS_ASSERTIONS = NO;
				ENABLE_STRICT_OBJC_MSGSEND = YES;
				GCC_C_LANGUAGE_STANDARD = gnu99;
				GCC_WARN_64_TO_32_BIT_CONVERSION = YES;
				GCC_WARN_ABOUT_RETURN_TYPE = YES_ERROR;
				GCC_WARN_UNDECLARED_SELECTOR = YES;
				GCC_WARN_UNINITIALIZED_AUTOS = YES_AGGRESSIVE;
				GCC_WARN_UNUSED_FUNCTION = YES;
				GCC_WARN_UNUSED_VARIABLE = YES;
				IPHONEOS_DEPLOYMENT_TARGET = 8.2;
				MTL_ENABLE_DEBUG_INFO = NO;
				SDKROOT = iphoneos;
				VALIDATE_PRODUCT = YES;
			};
			name = Release;
		};
		04F0CC211BBCB436004C8D67 /* Debug */ = {
			isa = XCBuildConfiguration;
			buildSettings = {
				ASSETCATALOG_COMPILER_APPICON_NAME = AppIcon;
				INFOPLIST_FILE = "新闻天下/Info.plist";
				LD_RUNPATH_SEARCH_PATHS = "$(inherited) @executable_path/Frameworks";
				PRODUCT_NAME = "$(TARGET_NAME)";
			};
			name = Debug;
		};
		04F0CC221BBCB436004C8D67 /* Release */ = {
			isa = XCBuildConfiguration;
			buildSettings = {
				ASSETCATALOG_COMPILER_APPICON_NAME = AppIcon;
				INFOPLIST_FILE = "新闻天下/Info.plist";
				LD_RUNPATH_SEARCH_PATHS = "$(inherited) @executable_path/Frameworks";
				PRODUCT_NAME = "$(TARGET_NAME)";
			};
			name = Release;
		};
		04F0CC241BBCB436004C8D67 /* Debug */ = {
			isa = XCBuildConfiguration;
			buildSettings = {
				BUNDLE_LOADER = "$(TEST_HOST)";
				FRAMEWORK_SEARCH_PATHS = (
					"$(SDKROOT)/Developer/Library/Frameworks",
					"$(inherited)",
				);
				GCC_PREPROCESSOR_DEFINITIONS = (
					"DEBUG=1",
					"$(inherited)",
				);
				INFOPLIST_FILE = "新闻天下Tests/Info.plist";
				LD_RUNPATH_SEARCH_PATHS = "$(inherited) @executable_path/Frameworks @loader_path/Frameworks";
				PRODUCT_NAME = "$(TARGET_NAME)";
				TEST_HOST = "$(BUILT_PRODUCTS_DIR)/新闻天下.app/新闻天下";
			};
			name = Debug;
		};
		04F0CC251BBCB436004C8D67 /* Release */ = {
			isa = XCBuildConfiguration;
			buildSettings = {
				BUNDLE_LOADER = "$(TEST_HOST)";
				FRAMEWORK_SEARCH_PATHS = (
					"$(SDKROOT)/Developer/Library/Frameworks",
					"$(inherited)",
				);
				INFOPLIST_FILE = "新闻天下Tests/Info.plist";
				LD_RUNPATH_SEARCH_PATHS = "$(inherited) @executable_path/Frameworks @loader_path/Frameworks";
				PRODUCT_NAME = "$(TARGET_NAME)";
				TEST_HOST = "$(BUILT_PRODUCTS_DIR)/新闻天下.app/新闻天下";
			};
			name = Release;
		};
/* End XCBuildConfiguration section */

/* Begin XCConfigurationList section */
		04F0CBF81BBCB436004C8D67 /* Build configuration list for PBXProject "新闻天下" */ = {
			isa = XCConfigurationList;
			buildConfigurations = (
				04F0CC1E1BBCB436004C8D67 /* Debug */,
				04F0CC1F1BBCB436004C8D67 /* Release */,
			);
			defaultConfigurationIsVisible = 0;
			defaultConfigurationName = Release;
		};
		04F0CC201BBCB436004C8D67 /* Build configuration list for PBXNativeTarget "新闻天下" */ = {
			isa = XCConfigurationList;
			buildConfigurations = (
				04F0CC211BBCB436004C8D67 /* Debug */,
				04F0CC221BBCB436004C8D67 /* Release */,
			);
			defaultConfigurationIsVisible = 0;
			defaultConfigurationName = Release;
		};
		04F0CC231BBCB436004C8D67 /* Build configuration list for PBXNativeTarget "新闻天下Tests" */ = {
			isa = XCConfigurationList;
			buildConfigurations = (
				04F0CC241BBCB436004C8D67 /* Debug */,
				04F0CC251BBCB436004C8D67 /* Release */,
			);
			defaultConfigurationIsVisible = 0;
			defaultConfigurationName = Release;
		};
/* End XCConfigurationList section */
	};
	rootObject = 04F0CBF51BBCB436004C8D67 /* Project object */;
}
